{
  "name": "aws-cdk-github-pipeline",
  "version": "0.1.7",
  "lockfileVersion": 1,
  "requires": true,
  "dependencies": {
    "@aws-cdk/assets": {
      "version": "1.71.0",
      "resolved": "https://registry.npmjs.org/@aws-cdk/assets/-/assets-1.71.0.tgz",
      "integrity": "sha512-0PulHFZq+fD1vNoumywrD8VxAkfqpR6mPsJmsSqs8geXFZWJt0b5YFymUj9fq60ob8cDBLX3uZmyh9zaz/2KYg==",
      "requires": {
        "@aws-cdk/core": "1.71.0",
        "@aws-cdk/cx-api": "1.71.0",
        "constructs": "^3.2.0"
      }
    },
    "@aws-cdk/aws-apigateway": {
      "version": "1.71.0",
      "resolved": "https://registry.npmjs.org/@aws-cdk/aws-apigateway/-/aws-apigateway-1.71.0.tgz",
      "integrity": "sha512-MwcaqDhoph2nRQsx9lgPvY6BakI9pohc5IyNrRn49ED8kalyx3OeI2iz6+/2ucyp8MKStjOJ7z1Fmu858vdg0g==",
      "requires": {
        "@aws-cdk/assets": "1.71.0",
        "@aws-cdk/aws-certificatemanager": "1.71.0",
        "@aws-cdk/aws-cloudwatch": "1.71.0",
        "@aws-cdk/aws-ec2": "1.71.0",
        "@aws-cdk/aws-elasticloadbalancingv2": "1.71.0",
        "@aws-cdk/aws-iam": "1.71.0",
        "@aws-cdk/aws-lambda": "1.71.0",
        "@aws-cdk/aws-logs": "1.71.0",
        "@aws-cdk/aws-s3": "1.71.0",
        "@aws-cdk/aws-s3-assets": "1.71.0",
        "@aws-cdk/core": "1.71.0",
        "@aws-cdk/cx-api": "1.71.0",
        "constructs": "^3.2.0"
      }
    },
    "@aws-cdk/aws-applicationautoscaling": {
      "version": "1.71.0",
      "resolved": "https://registry.npmjs.org/@aws-cdk/aws-applicationautoscaling/-/aws-applicationautoscaling-1.71.0.tgz",
      "integrity": "sha512-2kIrWf+0IEsCTXwSdeOXyAs7Qt1X+e9AdPHyQ64m/I25iWs6dEUMhfnD5z4PSXhSUsjqx+5K0O/R/xuz7wv57A==",
      "requires": {
        "@aws-cdk/aws-autoscaling-common": "1.71.0",
        "@aws-cdk/aws-cloudwatch": "1.71.0",
        "@aws-cdk/aws-iam": "1.71.0",
        "@aws-cdk/core": "1.71.0",
        "constructs": "^3.2.0"
      }
    },
    "@aws-cdk/aws-autoscaling": {
      "version": "1.71.0",
      "resolved": "https://registry.npmjs.org/@aws-cdk/aws-autoscaling/-/aws-autoscaling-1.71.0.tgz",
      "integrity": "sha512-QDuOZTPJddDqUHod9ttN01odMwjSj3CV20ojBMvCvr0idM0YqWWDGRH4KMFyW9Gr1FdlFUXWdQutXtMd8dLblA==",
      "requires": {
        "@aws-cdk/aws-autoscaling-common": "1.71.0",
        "@aws-cdk/aws-cloudwatch": "1.71.0",
        "@aws-cdk/aws-ec2": "1.71.0",
        "@aws-cdk/aws-elasticloadbalancing": "1.71.0",
        "@aws-cdk/aws-elasticloadbalancingv2": "1.71.0",
        "@aws-cdk/aws-iam": "1.71.0",
        "@aws-cdk/aws-sns": "1.71.0",
        "@aws-cdk/core": "1.71.0",
        "constructs": "^3.2.0"
      }
    },
    "@aws-cdk/aws-autoscaling-common": {
      "version": "1.71.0",
      "resolved": "https://registry.npmjs.org/@aws-cdk/aws-autoscaling-common/-/aws-autoscaling-common-1.71.0.tgz",
      "integrity": "sha512-LhCovR+t6LWZnZTEYDmqMKJMMkgn9uWl16pEgnoLdoPq2xi0ZjS6CvbJP0HDBgVk5NGK8WoAWLSCPcaAe+9i3Q==",
      "requires": {
        "@aws-cdk/aws-iam": "1.71.0",
        "@aws-cdk/core": "1.71.0",
        "constructs": "^3.2.0"
      }
    },
    "@aws-cdk/aws-autoscaling-hooktargets": {
      "version": "1.71.0",
      "resolved": "https://registry.npmjs.org/@aws-cdk/aws-autoscaling-hooktargets/-/aws-autoscaling-hooktargets-1.71.0.tgz",
      "integrity": "sha512-JSB9zi4AW9IFwoIp8qUZgCRsI6DY13bbu8yhMcuzTIbmw+ajPFCbVq5SHGg162r0mBMUaFgkSnt6i4v5RmcBtA==",
      "requires": {
        "@aws-cdk/aws-autoscaling": "1.71.0",
        "@aws-cdk/aws-iam": "1.71.0",
        "@aws-cdk/aws-kms": "1.71.0",
        "@aws-cdk/aws-lambda": "1.71.0",
        "@aws-cdk/aws-sns": "1.71.0",
        "@aws-cdk/aws-sns-subscriptions": "1.71.0",
        "@aws-cdk/aws-sqs": "1.71.0",
        "@aws-cdk/core": "1.71.0",
        "constructs": "^3.2.0"
      }
    },
    "@aws-cdk/aws-batch": {
      "version": "1.71.0",
      "resolved": "https://registry.npmjs.org/@aws-cdk/aws-batch/-/aws-batch-1.71.0.tgz",
      "integrity": "sha512-WfktXpXIBkDrmBZD/RnAVPRGVmHGss7kQOrosJMQYFwp4/bCLzFfYRiuKkSjFY+2EG4P4hWk30iNTPcGTPBrtA==",
      "requires": {
        "@aws-cdk/aws-ec2": "1.71.0",
        "@aws-cdk/aws-ecr": "1.71.0",
        "@aws-cdk/aws-ecs": "1.71.0",
        "@aws-cdk/aws-iam": "1.71.0",
        "@aws-cdk/core": "1.71.0",
        "constructs": "^3.2.0"
      }
    },
    "@aws-cdk/aws-certificatemanager": {
      "version": "1.71.0",
      "resolved": "https://registry.npmjs.org/@aws-cdk/aws-certificatemanager/-/aws-certificatemanager-1.71.0.tgz",
      "integrity": "sha512-Tc/3Fbear52Sp/gSaKv+DRlMSF89MD212X0wqQzPo4vNdASYCu9+dIykQfxnoFzPRcKacTP24xx9qBV9Q6I+Iw==",
      "requires": {
        "@aws-cdk/aws-iam": "1.71.0",
        "@aws-cdk/aws-lambda": "1.71.0",
        "@aws-cdk/aws-route53": "1.71.0",
        "@aws-cdk/core": "1.71.0",
        "constructs": "^3.2.0"
      }
    },
    "@aws-cdk/aws-cloudformation": {
      "version": "1.71.0",
      "resolved": "https://registry.npmjs.org/@aws-cdk/aws-cloudformation/-/aws-cloudformation-1.71.0.tgz",
      "integrity": "sha512-QfI+8X3N7Qp+PFv3c9b+nB5quex2jDHy2UATmOhRoOUdaMuuQ7QcDakG0V4EGbmXI9QKAfejc38tUoIfJf8n5Q==",
      "requires": {
        "@aws-cdk/aws-iam": "1.71.0",
        "@aws-cdk/aws-lambda": "1.71.0",
        "@aws-cdk/aws-s3": "1.71.0",
        "@aws-cdk/aws-sns": "1.71.0",
        "@aws-cdk/core": "1.71.0",
        "@aws-cdk/cx-api": "1.71.0",
        "constructs": "^3.2.0"
      }
    },
    "@aws-cdk/aws-cloudfront": {
      "version": "1.71.0",
      "resolved": "https://registry.npmjs.org/@aws-cdk/aws-cloudfront/-/aws-cloudfront-1.71.0.tgz",
      "integrity": "sha512-BliDbq+7u7QzdFMHM+zFL9QXLYQu2m3R22Vc4Tntieb7CwxVdXddAIEB5GaeubYYTeBh8RlyKPbcGn5uGtMjkA==",
      "requires": {
        "@aws-cdk/aws-certificatemanager": "1.71.0",
        "@aws-cdk/aws-iam": "1.71.0",
        "@aws-cdk/aws-kms": "1.71.0",
        "@aws-cdk/aws-lambda": "1.71.0",
        "@aws-cdk/aws-s3": "1.71.0",
        "@aws-cdk/core": "1.71.0",
        "constructs": "^3.2.0"
      }
    },
    "@aws-cdk/aws-cloudwatch": {
      "version": "1.71.0",
      "resolved": "https://registry.npmjs.org/@aws-cdk/aws-cloudwatch/-/aws-cloudwatch-1.71.0.tgz",
      "integrity": "sha512-LlbqqBK9LL6HAkjPXYgb1iJwShLfZdyzOS2Ns0CoCpCud87GtZqEeWlGH88SszcqsUT0r2iANAdmz8fcqeQzZg==",
      "requires": {
        "@aws-cdk/aws-iam": "1.71.0",
        "@aws-cdk/core": "1.71.0",
        "constructs": "^3.2.0"
      }
    },
    "@aws-cdk/aws-codebuild": {
      "version": "1.71.0",
      "resolved": "https://registry.npmjs.org/@aws-cdk/aws-codebuild/-/aws-codebuild-1.71.0.tgz",
      "integrity": "sha512-5NR9c1NkUt2NfChjhyD01KCXbeCaByrZJ+lBkJgLdFs1QyvYMT7BJzcS5lvs+kjIEbfxKzpth2T8Gs6y7l69JA==",
      "requires": {
        "@aws-cdk/assets": "1.71.0",
        "@aws-cdk/aws-cloudwatch": "1.71.0",
        "@aws-cdk/aws-codecommit": "1.71.0",
        "@aws-cdk/aws-ec2": "1.71.0",
        "@aws-cdk/aws-ecr": "1.71.0",
        "@aws-cdk/aws-ecr-assets": "1.71.0",
        "@aws-cdk/aws-events": "1.71.0",
        "@aws-cdk/aws-iam": "1.71.0",
        "@aws-cdk/aws-kms": "1.71.0",
        "@aws-cdk/aws-s3": "1.71.0",
        "@aws-cdk/aws-s3-assets": "1.71.0",
        "@aws-cdk/aws-secretsmanager": "1.71.0",
        "@aws-cdk/core": "1.71.0",
        "@aws-cdk/region-info": "1.71.0",
        "constructs": "^3.2.0"
      }
    },
    "@aws-cdk/aws-codecommit": {
      "version": "1.71.0",
      "resolved": "https://registry.npmjs.org/@aws-cdk/aws-codecommit/-/aws-codecommit-1.71.0.tgz",
      "integrity": "sha512-rFWvQhREK5rybWO/oZuFnZNzx6D6S9IW8Tq4RB64ystA1cR0cTVBpleT3aTdjzizFJYNCUqyy6Ju2yWOsX6/aw==",
      "requires": {
        "@aws-cdk/aws-events": "1.71.0",
        "@aws-cdk/aws-iam": "1.71.0",
        "@aws-cdk/core": "1.71.0",
        "constructs": "^3.2.0"
      }
    },
    "@aws-cdk/aws-codedeploy": {
      "version": "1.71.0",
      "resolved": "https://registry.npmjs.org/@aws-cdk/aws-codedeploy/-/aws-codedeploy-1.71.0.tgz",
      "integrity": "sha512-wpaCq7/Ag+1SIOogGaqkgqcTSVxIRf5Ftu70GIs2QakSXVNYfBsdvJwBeJWFbYPZ65prZQeeGM25q9ITeMB3Iw==",
      "requires": {
        "@aws-cdk/aws-autoscaling": "1.71.0",
        "@aws-cdk/aws-cloudwatch": "1.71.0",
        "@aws-cdk/aws-ec2": "1.71.0",
        "@aws-cdk/aws-elasticloadbalancing": "1.71.0",
        "@aws-cdk/aws-elasticloadbalancingv2": "1.71.0",
        "@aws-cdk/aws-iam": "1.71.0",
        "@aws-cdk/aws-lambda": "1.71.0",
        "@aws-cdk/aws-s3": "1.71.0",
        "@aws-cdk/core": "1.71.0",
        "@aws-cdk/custom-resources": "1.71.0",
        "constructs": "^3.2.0"
      }
    },
    "@aws-cdk/aws-codeguruprofiler": {
      "version": "1.71.0",
      "resolved": "https://registry.npmjs.org/@aws-cdk/aws-codeguruprofiler/-/aws-codeguruprofiler-1.71.0.tgz",
      "integrity": "sha512-F/3si3RXJCMLyrTlUH4j0fnlsL5fIj6/marYfxQtYdCBip50jqym1LrwTNJ9XW0MgN0jUKF4FQ+cy0kPy5vQsg==",
      "requires": {
        "@aws-cdk/aws-iam": "1.71.0",
        "@aws-cdk/core": "1.71.0",
        "constructs": "^3.2.0"
      }
    },
    "@aws-cdk/aws-codepipeline": {
      "version": "1.71.0",
      "resolved": "https://registry.npmjs.org/@aws-cdk/aws-codepipeline/-/aws-codepipeline-1.71.0.tgz",
      "integrity": "sha512-KZYyb9TRIxp/V/BysXmhq4o7xoReuPvmMsqukacnnykQqC7bnqdw5JpPqklpdXlgh303+Uehmcd8v/0XPIXstQ==",
      "requires": {
        "@aws-cdk/aws-events": "1.71.0",
        "@aws-cdk/aws-iam": "1.71.0",
        "@aws-cdk/aws-kms": "1.71.0",
        "@aws-cdk/aws-s3": "1.71.0",
        "@aws-cdk/core": "1.71.0",
        "constructs": "^3.2.0"
      }
    },
    "@aws-cdk/aws-codepipeline-actions": {
      "version": "1.71.0",
      "resolved": "https://registry.npmjs.org/@aws-cdk/aws-codepipeline-actions/-/aws-codepipeline-actions-1.71.0.tgz",
      "integrity": "sha512-7V77L+oygG/aNzxztsv30Fp3hAd3DNqm1eg2ANho26b/aDr5V+ekfz91wJa7yn5lIZlxOLhW40zySOO94X7+Qg==",
      "requires": {
        "@aws-cdk/aws-cloudformation": "1.71.0",
        "@aws-cdk/aws-codebuild": "1.71.0",
        "@aws-cdk/aws-codecommit": "1.71.0",
        "@aws-cdk/aws-codedeploy": "1.71.0",
        "@aws-cdk/aws-codepipeline": "1.71.0",
        "@aws-cdk/aws-ec2": "1.71.0",
        "@aws-cdk/aws-ecr": "1.71.0",
        "@aws-cdk/aws-ecs": "1.71.0",
        "@aws-cdk/aws-events": "1.71.0",
        "@aws-cdk/aws-events-targets": "1.71.0",
        "@aws-cdk/aws-iam": "1.71.0",
        "@aws-cdk/aws-lambda": "1.71.0",
        "@aws-cdk/aws-s3": "1.71.0",
        "@aws-cdk/aws-servicecatalog": "1.71.0",
        "@aws-cdk/aws-sns": "1.71.0",
        "@aws-cdk/aws-sns-subscriptions": "1.71.0",
        "@aws-cdk/aws-stepfunctions": "1.71.0",
        "@aws-cdk/core": "1.71.0",
        "case": "1.6.3",
        "constructs": "^3.2.0"
      },
      "dependencies": {
        "case": {
          "version": "1.6.3",
          "bundled": true
        }
      }
    },
    "@aws-cdk/aws-cognito": {
      "version": "1.71.0",
      "resolved": "https://registry.npmjs.org/@aws-cdk/aws-cognito/-/aws-cognito-1.71.0.tgz",
      "integrity": "sha512-a6uXneNmrm9kl1axIs4yvDYipgJ53emmTAgiKNweg4Py0SFr3DZf/EHoVb/pYQPEtF3JxQ+/a2VuMUS7+K7TzA==",
      "requires": {
        "@aws-cdk/aws-certificatemanager": "1.71.0",
        "@aws-cdk/aws-iam": "1.71.0",
        "@aws-cdk/aws-lambda": "1.71.0",
        "@aws-cdk/core": "1.71.0",
        "@aws-cdk/custom-resources": "1.71.0",
        "constructs": "^3.2.0"
      }
    },
    "@aws-cdk/aws-ec2": {
      "version": "1.71.0",
      "resolved": "https://registry.npmjs.org/@aws-cdk/aws-ec2/-/aws-ec2-1.71.0.tgz",
      "integrity": "sha512-VgqDqxmilIBw0WM5Y9fK7TpoAJetLXYEZXLyCMvOzqTgei/hYMEwlBW+2HYkN8qRaB0zHEYdJj2znqtqlWlSPQ==",
      "requires": {
        "@aws-cdk/aws-cloudwatch": "1.71.0",
        "@aws-cdk/aws-iam": "1.71.0",
        "@aws-cdk/aws-kms": "1.71.0",
        "@aws-cdk/aws-logs": "1.71.0",
        "@aws-cdk/aws-s3": "1.71.0",
        "@aws-cdk/aws-s3-assets": "1.71.0",
        "@aws-cdk/aws-ssm": "1.71.0",
        "@aws-cdk/cloud-assembly-schema": "1.71.0",
        "@aws-cdk/core": "1.71.0",
        "@aws-cdk/cx-api": "1.71.0",
        "@aws-cdk/region-info": "1.71.0",
        "constructs": "^3.2.0"
      }
    },
    "@aws-cdk/aws-ecr": {
      "version": "1.71.0",
      "resolved": "https://registry.npmjs.org/@aws-cdk/aws-ecr/-/aws-ecr-1.71.0.tgz",
      "integrity": "sha512-K0AwMqchete2ZmUaUoioS1peje4mRmsWeRO2xxEzwKSra127OYyxKTAYoYDjIwGygm/al1gIPoHne5qqavEijw==",
      "requires": {
        "@aws-cdk/aws-events": "1.71.0",
        "@aws-cdk/aws-iam": "1.71.0",
        "@aws-cdk/core": "1.71.0",
        "@aws-cdk/custom-resources": "1.71.0",
        "constructs": "^3.2.0"
      }
    },
    "@aws-cdk/aws-ecr-assets": {
      "version": "1.71.0",
      "resolved": "https://registry.npmjs.org/@aws-cdk/aws-ecr-assets/-/aws-ecr-assets-1.71.0.tgz",
      "integrity": "sha512-26BmTpqvDEh+dI20aeNWkNYsljqdoMDHYUOzh7ebtGkVn56RmEXUEodX8PoBizRn28EeR+ldJRHL+fxEAtulWQ==",
      "requires": {
        "@aws-cdk/assets": "1.71.0",
        "@aws-cdk/aws-ecr": "1.71.0",
        "@aws-cdk/aws-iam": "1.71.0",
        "@aws-cdk/aws-lambda": "1.71.0",
        "@aws-cdk/aws-s3": "1.71.0",
        "@aws-cdk/core": "1.71.0",
        "@aws-cdk/cx-api": "1.71.0",
        "constructs": "^3.2.0",
        "minimatch": "^3.0.4"
      },
      "dependencies": {
        "balanced-match": {
          "version": "1.0.0",
          "bundled": true
        },
        "brace-expansion": {
          "version": "1.1.11",
          "bundled": true,
          "requires": {
            "balanced-match": "^1.0.0",
            "concat-map": "0.0.1"
          }
        },
        "concat-map": {
          "version": "0.0.1",
          "bundled": true
        },
        "minimatch": {
          "version": "3.0.4",
          "bundled": true,
          "requires": {
            "brace-expansion": "^1.1.7"
          }
        }
      }
    },
    "@aws-cdk/aws-ecs": {
      "version": "1.71.0",
      "resolved": "https://registry.npmjs.org/@aws-cdk/aws-ecs/-/aws-ecs-1.71.0.tgz",
      "integrity": "sha512-0NqAVOfe//mllwfSqHkUI0eonyopZn1ubhSatEhXbyXEbkBaQW4tk7cbDD5AyH5x+jU0D0tbchAvCSrhKcsTuA==",
      "requires": {
        "@aws-cdk/aws-applicationautoscaling": "1.71.0",
        "@aws-cdk/aws-autoscaling": "1.71.0",
        "@aws-cdk/aws-autoscaling-hooktargets": "1.71.0",
        "@aws-cdk/aws-certificatemanager": "1.71.0",
        "@aws-cdk/aws-cloudwatch": "1.71.0",
        "@aws-cdk/aws-ec2": "1.71.0",
        "@aws-cdk/aws-ecr": "1.71.0",
        "@aws-cdk/aws-ecr-assets": "1.71.0",
        "@aws-cdk/aws-elasticloadbalancing": "1.71.0",
        "@aws-cdk/aws-elasticloadbalancingv2": "1.71.0",
        "@aws-cdk/aws-iam": "1.71.0",
        "@aws-cdk/aws-kms": "1.71.0",
        "@aws-cdk/aws-lambda": "1.71.0",
        "@aws-cdk/aws-logs": "1.71.0",
        "@aws-cdk/aws-route53": "1.71.0",
        "@aws-cdk/aws-route53-targets": "1.71.0",
        "@aws-cdk/aws-secretsmanager": "1.71.0",
        "@aws-cdk/aws-servicediscovery": "1.71.0",
        "@aws-cdk/aws-sns": "1.71.0",
        "@aws-cdk/aws-sqs": "1.71.0",
        "@aws-cdk/aws-ssm": "1.71.0",
        "@aws-cdk/core": "1.71.0",
        "@aws-cdk/cx-api": "1.71.0",
        "constructs": "^3.2.0"
      }
    },
    "@aws-cdk/aws-efs": {
      "version": "1.71.0",
      "resolved": "https://registry.npmjs.org/@aws-cdk/aws-efs/-/aws-efs-1.71.0.tgz",
      "integrity": "sha512-Ao9PJ3B/Opd/7XUKKbB3gLUl4W/p+bqoceZFEswCbUpRenOMk4JjOWZHnxDo9bdCeVW0zPPobPGYN7NocI3+9A==",
      "requires": {
        "@aws-cdk/aws-ec2": "1.71.0",
        "@aws-cdk/aws-kms": "1.71.0",
        "@aws-cdk/cloud-assembly-schema": "1.71.0",
        "@aws-cdk/core": "1.71.0",
        "@aws-cdk/cx-api": "1.71.0",
        "constructs": "^3.2.0"
      }
    },
    "@aws-cdk/aws-elasticloadbalancing": {
      "version": "1.71.0",
      "resolved": "https://registry.npmjs.org/@aws-cdk/aws-elasticloadbalancing/-/aws-elasticloadbalancing-1.71.0.tgz",
      "integrity": "sha512-CLykNFNDkrr4mr7FNMTg6Vmdc3VsuwKnWW/Vb3qXmyXYIOZtk3wtqjMzsJ+uNQfRbNVjg3ay5gcZWm0iDttGYA==",
      "requires": {
        "@aws-cdk/aws-ec2": "1.71.0",
        "@aws-cdk/core": "1.71.0",
        "constructs": "^3.2.0"
      }
    },
    "@aws-cdk/aws-elasticloadbalancingv2": {
      "version": "1.71.0",
      "resolved": "https://registry.npmjs.org/@aws-cdk/aws-elasticloadbalancingv2/-/aws-elasticloadbalancingv2-1.71.0.tgz",
      "integrity": "sha512-LDBIscXI05p67ry4ZgQdhYq4fES3CiANLOK0DBDO70iKLJ/DyEjkip1I35ZREuYA1d8Iu3nVXbEWOQbX+nCyJQ==",
      "requires": {
        "@aws-cdk/aws-certificatemanager": "1.71.0",
        "@aws-cdk/aws-cloudwatch": "1.71.0",
        "@aws-cdk/aws-ec2": "1.71.0",
        "@aws-cdk/aws-iam": "1.71.0",
        "@aws-cdk/aws-lambda": "1.71.0",
        "@aws-cdk/aws-s3": "1.71.0",
        "@aws-cdk/core": "1.71.0",
        "@aws-cdk/region-info": "1.71.0",
        "constructs": "^3.2.0"
      }
    },
    "@aws-cdk/aws-events": {
      "version": "1.71.0",
      "resolved": "https://registry.npmjs.org/@aws-cdk/aws-events/-/aws-events-1.71.0.tgz",
      "integrity": "sha512-tH5Mkdk+VbyZ9lWvZVeVThoIP3PZ9auNQ+/v0X1ctchfS+b38b4rDrnpmQTY4uvgMY5hVfQMEkOWFL15qEFchQ==",
      "requires": {
        "@aws-cdk/aws-iam": "1.71.0",
        "@aws-cdk/core": "1.71.0",
        "constructs": "^3.2.0"
      }
    },
    "@aws-cdk/aws-events-targets": {
      "version": "1.71.0",
      "resolved": "https://registry.npmjs.org/@aws-cdk/aws-events-targets/-/aws-events-targets-1.71.0.tgz",
      "integrity": "sha512-EeTQSEz+yaamyRzgNIymJdZEf+34+g0nIDJBWNL1sUJ3yU9QyJX76uL4/9DYoSaik58yjFNPA9LrjzYht6sYJg==",
      "requires": {
        "@aws-cdk/aws-batch": "1.71.0",
        "@aws-cdk/aws-codebuild": "1.71.0",
        "@aws-cdk/aws-codepipeline": "1.71.0",
        "@aws-cdk/aws-ec2": "1.71.0",
        "@aws-cdk/aws-ecs": "1.71.0",
        "@aws-cdk/aws-events": "1.71.0",
        "@aws-cdk/aws-iam": "1.71.0",
        "@aws-cdk/aws-kinesis": "1.71.0",
        "@aws-cdk/aws-kinesisfirehose": "1.71.0",
        "@aws-cdk/aws-lambda": "1.71.0",
        "@aws-cdk/aws-sns": "1.71.0",
        "@aws-cdk/aws-sns-subscriptions": "1.71.0",
        "@aws-cdk/aws-sqs": "1.71.0",
        "@aws-cdk/aws-stepfunctions": "1.71.0",
        "@aws-cdk/core": "1.71.0",
        "constructs": "^3.2.0"
      }
    },
    "@aws-cdk/aws-iam": {
      "version": "1.71.0",
      "resolved": "https://registry.npmjs.org/@aws-cdk/aws-iam/-/aws-iam-1.71.0.tgz",
      "integrity": "sha512-TBpjXnBlGhzDofBvPiakpGfZILdjN+T2m3JilCaKVrUnm0tVepi9qzQQxDfSeD3XOdTo+ENL5LKK1oE4rk/Bvw==",
      "requires": {
        "@aws-cdk/core": "1.71.0",
        "@aws-cdk/region-info": "1.71.0",
        "constructs": "^3.2.0"
      }
    },
    "@aws-cdk/aws-kinesis": {
      "version": "1.71.0",
      "resolved": "https://registry.npmjs.org/@aws-cdk/aws-kinesis/-/aws-kinesis-1.71.0.tgz",
      "integrity": "sha512-JD2spfr8BuxAqESIEzKHKhfic/BJPOI8GFNpz9xlwtCXRM35VoZxYalFUvf2TA/RYnZf9p4O2grn9vAu2eNGsA==",
      "requires": {
        "@aws-cdk/aws-iam": "1.71.0",
        "@aws-cdk/aws-kms": "1.71.0",
        "@aws-cdk/aws-logs": "1.71.0",
        "@aws-cdk/core": "1.71.0",
        "constructs": "^3.2.0"
      }
    },
    "@aws-cdk/aws-kinesisfirehose": {
      "version": "1.71.0",
      "resolved": "https://registry.npmjs.org/@aws-cdk/aws-kinesisfirehose/-/aws-kinesisfirehose-1.71.0.tgz",
      "integrity": "sha512-9XpiY9RJwyd2LppvnGV6v5ZphUlNgIMQqsozx4HOOD6smWCCYfD5MxsbFaQzu7X8TJqMhYmqQwnRnz17uFqQjw==",
      "requires": {
        "@aws-cdk/core": "1.71.0",
        "constructs": "^3.2.0"
      }
    },
    "@aws-cdk/aws-kms": {
      "version": "1.71.0",
      "resolved": "https://registry.npmjs.org/@aws-cdk/aws-kms/-/aws-kms-1.71.0.tgz",
      "integrity": "sha512-o/Fma3ie9V6ciNBQHqglRkTUfojXJrnemDyaSI9GavtioRFSjrlfLdofpDdsOMrsNd1gqcEtC0+HhVa3p0j9KQ==",
      "requires": {
        "@aws-cdk/aws-iam": "1.71.0",
        "@aws-cdk/core": "1.71.0",
        "constructs": "^3.2.0"
      }
    },
    "@aws-cdk/aws-lambda": {
      "version": "1.71.0",
      "resolved": "https://registry.npmjs.org/@aws-cdk/aws-lambda/-/aws-lambda-1.71.0.tgz",
      "integrity": "sha512-lMbGkv0yNhFfVT+uRTfGCiFBh7VMYTLKhabzQ1yBrUNShSUDvwUSR3rW6MqBCWBChcq6V7VTzsaVPYKaIgSv9g==",
      "requires": {
        "@aws-cdk/aws-applicationautoscaling": "1.71.0",
        "@aws-cdk/aws-cloudwatch": "1.71.0",
        "@aws-cdk/aws-codeguruprofiler": "1.71.0",
        "@aws-cdk/aws-ec2": "1.71.0",
        "@aws-cdk/aws-efs": "1.71.0",
        "@aws-cdk/aws-events": "1.71.0",
        "@aws-cdk/aws-iam": "1.71.0",
        "@aws-cdk/aws-logs": "1.71.0",
        "@aws-cdk/aws-s3": "1.71.0",
        "@aws-cdk/aws-s3-assets": "1.71.0",
        "@aws-cdk/aws-sqs": "1.71.0",
        "@aws-cdk/core": "1.71.0",
        "@aws-cdk/cx-api": "1.71.0",
        "constructs": "^3.2.0"
      }
    },
    "@aws-cdk/aws-logs": {
      "version": "1.71.0",
      "resolved": "https://registry.npmjs.org/@aws-cdk/aws-logs/-/aws-logs-1.71.0.tgz",
      "integrity": "sha512-8Q9TarCPFMX1FZzPPODTWmThyaoicWZ1UgqRvJKgucWwGPiAmlE3eJZdP94xGPB3MFysO6URU8wxr0kfwn+sVA==",
      "requires": {
        "@aws-cdk/aws-cloudwatch": "1.71.0",
        "@aws-cdk/aws-iam": "1.71.0",
        "@aws-cdk/aws-s3-assets": "1.71.0",
        "@aws-cdk/core": "1.71.0",
        "constructs": "^3.2.0"
      }
    },
    "@aws-cdk/aws-route53": {
      "version": "1.71.0",
      "resolved": "https://registry.npmjs.org/@aws-cdk/aws-route53/-/aws-route53-1.71.0.tgz",
      "integrity": "sha512-rGAUsTSEYDxXkWAsLc/vNuzD8URxB8Z9k3Pwpi3X/rG7ZYAvlMOriQsQzudr0N5H5mX0eD6Y2eisP4ZJTx3d9Q==",
      "requires": {
        "@aws-cdk/aws-ec2": "1.71.0",
        "@aws-cdk/aws-logs": "1.71.0",
        "@aws-cdk/cloud-assembly-schema": "1.71.0",
        "@aws-cdk/core": "1.71.0",
        "constructs": "^3.2.0"
      }
    },
    "@aws-cdk/aws-route53-targets": {
      "version": "1.71.0",
      "resolved": "https://registry.npmjs.org/@aws-cdk/aws-route53-targets/-/aws-route53-targets-1.71.0.tgz",
      "integrity": "sha512-JA/aGldEDDXrQZsiLyKsmAWVV4bQExXyENx+4Zl9rj7dDRQ3DsFkFJB8v2AyFhZ3iEFoA72QdQTnYmZtnw6/KA==",
      "requires": {
        "@aws-cdk/aws-apigateway": "1.71.0",
        "@aws-cdk/aws-cloudfront": "1.71.0",
        "@aws-cdk/aws-cognito": "1.71.0",
        "@aws-cdk/aws-ec2": "1.71.0",
        "@aws-cdk/aws-elasticloadbalancing": "1.71.0",
        "@aws-cdk/aws-elasticloadbalancingv2": "1.71.0",
        "@aws-cdk/aws-iam": "1.71.0",
        "@aws-cdk/aws-route53": "1.71.0",
        "@aws-cdk/aws-s3": "1.71.0",
        "@aws-cdk/core": "1.71.0",
        "@aws-cdk/region-info": "1.71.0",
        "constructs": "^3.2.0"
      }
    },
    "@aws-cdk/aws-s3": {
      "version": "1.71.0",
      "resolved": "https://registry.npmjs.org/@aws-cdk/aws-s3/-/aws-s3-1.71.0.tgz",
      "integrity": "sha512-7KAawgrS4rAIUgp4xWdtQwvajnexkdveL0RgPMQ5bqruaPTuEg96Ip4ZakwBWbRMuha2ThzhnUKbE16t82iqdg==",
      "requires": {
        "@aws-cdk/aws-events": "1.71.0",
        "@aws-cdk/aws-iam": "1.71.0",
        "@aws-cdk/aws-kms": "1.71.0",
        "@aws-cdk/core": "1.71.0",
        "constructs": "^3.2.0"
      }
    },
    "@aws-cdk/aws-s3-assets": {
      "version": "1.71.0",
      "resolved": "https://registry.npmjs.org/@aws-cdk/aws-s3-assets/-/aws-s3-assets-1.71.0.tgz",
      "integrity": "sha512-F4fucYPtCqpGaeR8JpjBjFbSDzj3H22sJHYb8BQvN/Wc1LdlaG4ckvKcRasXw+P8wfVd/17qRvCVb7rExV8EpQ==",
      "requires": {
        "@aws-cdk/assets": "1.71.0",
        "@aws-cdk/aws-iam": "1.71.0",
        "@aws-cdk/aws-kms": "1.71.0",
        "@aws-cdk/aws-s3": "1.71.0",
        "@aws-cdk/core": "1.71.0",
        "@aws-cdk/cx-api": "1.71.0",
        "constructs": "^3.2.0"
      }
    },
    "@aws-cdk/aws-sam": {
      "version": "1.71.0",
      "resolved": "https://registry.npmjs.org/@aws-cdk/aws-sam/-/aws-sam-1.71.0.tgz",
      "integrity": "sha512-qE/5PodFQl2kZZAOWjbTAk9BdSAvCjtbwNcO36rPj1Tuj6tZnJlejNfMvxjIVqwqXK4uM1A4rdRBj8PLnFMaqw==",
      "requires": {
        "@aws-cdk/core": "1.71.0",
        "constructs": "^3.2.0"
      }
    },
    "@aws-cdk/aws-secretsmanager": {
      "version": "1.71.0",
      "resolved": "https://registry.npmjs.org/@aws-cdk/aws-secretsmanager/-/aws-secretsmanager-1.71.0.tgz",
      "integrity": "sha512-Ol6PpSpWdRLVR0XXs77CK3NsV3NB+DAqMJv/OUssh3323iWKwhzw8EGY/ePqfvW++KkXk4Gor8UJdTYDQO9Mug==",
      "requires": {
        "@aws-cdk/aws-ec2": "1.71.0",
        "@aws-cdk/aws-iam": "1.71.0",
        "@aws-cdk/aws-kms": "1.71.0",
        "@aws-cdk/aws-lambda": "1.71.0",
        "@aws-cdk/aws-sam": "1.71.0",
        "@aws-cdk/core": "1.71.0",
        "constructs": "^3.2.0"
      }
    },
    "@aws-cdk/aws-servicecatalog": {
      "version": "1.71.0",
      "resolved": "https://registry.npmjs.org/@aws-cdk/aws-servicecatalog/-/aws-servicecatalog-1.71.0.tgz",
      "integrity": "sha512-Ej6yZvmG/G2ZyZPqHVqof1Og98B55GGKfkStGTUY8O+cVNI9TLrYUE1W5Niy3SN5FrQMbVNK5h6TUJjPfY01XQ==",
      "requires": {
        "@aws-cdk/core": "1.71.0",
        "constructs": "^3.2.0"
      }
    },
    "@aws-cdk/aws-servicediscovery": {
      "version": "1.71.0",
      "resolved": "https://registry.npmjs.org/@aws-cdk/aws-servicediscovery/-/aws-servicediscovery-1.71.0.tgz",
      "integrity": "sha512-GZoKcMWEG4aU/OwMyi+fSqB2xy6bVCBrsC+7/BPHmNzaUyiR5mLHpmNB73B5O2kJ0iNxDOozx4vAjSsHgLeccw==",
      "requires": {
        "@aws-cdk/aws-ec2": "1.71.0",
        "@aws-cdk/aws-elasticloadbalancingv2": "1.71.0",
        "@aws-cdk/aws-route53": "1.71.0",
        "@aws-cdk/core": "1.71.0",
        "constructs": "^3.2.0"
      }
    },
    "@aws-cdk/aws-sns": {
      "version": "1.71.0",
      "resolved": "https://registry.npmjs.org/@aws-cdk/aws-sns/-/aws-sns-1.71.0.tgz",
      "integrity": "sha512-u8babkFp/HvJcn31p8Vd4WR0oQ1erebpSpSOufGUsSbHgg060kO5U9YqIdHaJ/T5YdoOENkNDB9RuXSoeLJ8Ig==",
      "requires": {
        "@aws-cdk/aws-cloudwatch": "1.71.0",
        "@aws-cdk/aws-events": "1.71.0",
        "@aws-cdk/aws-iam": "1.71.0",
        "@aws-cdk/aws-kms": "1.71.0",
        "@aws-cdk/aws-sqs": "1.71.0",
        "@aws-cdk/core": "1.71.0",
        "constructs": "^3.2.0"
      }
    },
    "@aws-cdk/aws-sns-subscriptions": {
      "version": "1.71.0",
      "resolved": "https://registry.npmjs.org/@aws-cdk/aws-sns-subscriptions/-/aws-sns-subscriptions-1.71.0.tgz",
      "integrity": "sha512-mL6E3k+XXAdCDi6LdPaWwiSeMV+eMN96LVWgd/QDDzCFsVJQxjwGyNPH5kUufnsCjRK5OQq0rubITDM5apNbTw==",
      "requires": {
        "@aws-cdk/aws-iam": "1.71.0",
        "@aws-cdk/aws-lambda": "1.71.0",
        "@aws-cdk/aws-sns": "1.71.0",
        "@aws-cdk/aws-sqs": "1.71.0",
        "@aws-cdk/core": "1.71.0",
        "constructs": "^3.2.0"
      }
    },
    "@aws-cdk/aws-sqs": {
      "version": "1.71.0",
      "resolved": "https://registry.npmjs.org/@aws-cdk/aws-sqs/-/aws-sqs-1.71.0.tgz",
      "integrity": "sha512-TZxNW3FU151tluxGgXzMcQs9++2oh8r5ObyhSq1t0zVajTCBU6nIbrQ7/iNlu7ci8uYwbRh+Xu324+q7ayjGnQ==",
      "requires": {
        "@aws-cdk/aws-cloudwatch": "1.71.0",
        "@aws-cdk/aws-iam": "1.71.0",
        "@aws-cdk/aws-kms": "1.71.0",
        "@aws-cdk/core": "1.71.0",
        "constructs": "^3.2.0"
      }
    },
    "@aws-cdk/aws-ssm": {
      "version": "1.71.0",
      "resolved": "https://registry.npmjs.org/@aws-cdk/aws-ssm/-/aws-ssm-1.71.0.tgz",
      "integrity": "sha512-2QvJyM3JQLxwZ6emDzWok+LOL5RAro3pg5J2N1l5JHyojZ+Y3nzCdlQRWMM+4GOcw6ZamBVLzRVXpWsUCe2KOA==",
      "requires": {
        "@aws-cdk/aws-iam": "1.71.0",
        "@aws-cdk/aws-kms": "1.71.0",
        "@aws-cdk/cloud-assembly-schema": "1.71.0",
        "@aws-cdk/core": "1.71.0",
        "constructs": "^3.2.0"
      }
    },
    "@aws-cdk/aws-stepfunctions": {
      "version": "1.71.0",
      "resolved": "https://registry.npmjs.org/@aws-cdk/aws-stepfunctions/-/aws-stepfunctions-1.71.0.tgz",
      "integrity": "sha512-dj7HYB2Br9lMTkYVOmkv8jsMnWOv04etTWmXA41rUHfmFETO3aB11amGL/zEbx/sJ/Dnv9IhwrIRocSkGoEzsA==",
      "requires": {
        "@aws-cdk/aws-cloudwatch": "1.71.0",
        "@aws-cdk/aws-events": "1.71.0",
        "@aws-cdk/aws-iam": "1.71.0",
        "@aws-cdk/aws-logs": "1.71.0",
        "@aws-cdk/core": "1.71.0",
        "constructs": "^3.2.0"
      }
    },
    "@aws-cdk/cloud-assembly-schema": {
      "version": "1.71.0",
      "resolved": "https://registry.npmjs.org/@aws-cdk/cloud-assembly-schema/-/cloud-assembly-schema-1.71.0.tgz",
      "integrity": "sha512-ONIGpPgp0ZS+SngCTNmQaftIP5nSOmRAxUKjS9ip/8lC8onHS9cd2pPFK3nctyky5FBaZAIc/xD99pWMvo6dAQ==",
      "requires": {
        "jsonschema": "^1.4.0",
        "semver": "^7.3.2"
      },
      "dependencies": {
        "jsonschema": {
          "version": "1.4.0",
          "bundled": true
        },
        "semver": {
          "version": "7.3.2",
          "bundled": true
        }
      }
    },
    "@aws-cdk/core": {
      "version": "1.71.0",
      "resolved": "https://registry.npmjs.org/@aws-cdk/core/-/core-1.71.0.tgz",
      "integrity": "sha512-k4CBCwglSfxiuAQ8WoQHQHwcF6jTl1PbvWFjyhQnzzkV2RYloTbAASQMzmo0nEFBBBP8wOfJMwCAGTK5B6b8BQ==",
      "requires": {
        "@aws-cdk/cloud-assembly-schema": "1.71.0",
        "@aws-cdk/cx-api": "1.71.0",
        "@aws-cdk/region-info": "1.71.0",
        "constructs": "^3.2.0",
        "fs-extra": "^9.0.1",
        "minimatch": "^3.0.4"
      },
      "dependencies": {
        "at-least-node": {
          "version": "1.0.0",
          "bundled": true
        },
        "balanced-match": {
          "version": "1.0.0",
          "bundled": true
        },
        "brace-expansion": {
          "version": "1.1.11",
          "bundled": true,
          "requires": {
            "balanced-match": "^1.0.0",
            "concat-map": "0.0.1"
          }
        },
        "concat-map": {
          "version": "0.0.1",
          "bundled": true
        },
        "fs-extra": {
          "version": "9.0.1",
          "bundled": true,
          "requires": {
            "at-least-node": "^1.0.0",
            "graceful-fs": "^4.2.0",
            "jsonfile": "^6.0.1",
            "universalify": "^1.0.0"
          }
        },
        "graceful-fs": {
          "version": "4.2.4",
          "bundled": true
        },
        "jsonfile": {
          "version": "6.0.1",
          "bundled": true,
          "requires": {
            "graceful-fs": "^4.1.6",
            "universalify": "^1.0.0"
          }
        },
        "minimatch": {
          "version": "3.0.4",
          "bundled": true,
          "requires": {
            "brace-expansion": "^1.1.7"
          }
        },
        "universalify": {
          "version": "1.0.0",
          "bundled": true
        }
      }
    },
    "@aws-cdk/custom-resources": {
      "version": "1.71.0",
      "resolved": "https://registry.npmjs.org/@aws-cdk/custom-resources/-/custom-resources-1.71.0.tgz",
      "integrity": "sha512-hxlQFQOpu+oe0hjvSa8XZmSRfIjzc+4xS+2bkIKzfhckMO26T3RlLjppQPneQ0a++EPdFrsWCOPic/ZNo7HjdA==",
      "requires": {
        "@aws-cdk/aws-cloudformation": "1.71.0",
        "@aws-cdk/aws-iam": "1.71.0",
        "@aws-cdk/aws-lambda": "1.71.0",
        "@aws-cdk/aws-logs": "1.71.0",
        "@aws-cdk/aws-sns": "1.71.0",
        "@aws-cdk/core": "1.71.0",
        "constructs": "^3.2.0"
      }
    },
    "@aws-cdk/cx-api": {
      "version": "1.71.0",
      "resolved": "https://registry.npmjs.org/@aws-cdk/cx-api/-/cx-api-1.71.0.tgz",
      "integrity": "sha512-7ofjxnASrOvCBufJDbJIDCpsWEtpIvxVriw7+qsK444Saqt7wFns8RWrPvLrXjaMLv98Q96mjqcji3AB9l7qVA==",
      "requires": {
        "@aws-cdk/cloud-assembly-schema": "1.71.0",
        "semver": "^7.3.2"
      },
      "dependencies": {
        "semver": {
          "version": "7.3.2",
          "bundled": true
        }
      }
    },
    "@aws-cdk/pipelines": {
      "version": "1.71.0",
      "resolved": "https://registry.npmjs.org/@aws-cdk/pipelines/-/pipelines-1.71.0.tgz",
      "integrity": "sha512-Q9oaMkxlf3MEdnRtnzNsDvon2xuS0w4ijG2u1AWQ13TD/r+mahxdBXMS6qNU79OO4qSrmakuRYWxxaM52hO18g==",
      "requires": {
        "@aws-cdk/aws-cloudformation": "1.71.0",
        "@aws-cdk/aws-codebuild": "1.71.0",
        "@aws-cdk/aws-codepipeline": "1.71.0",
        "@aws-cdk/aws-codepipeline-actions": "1.71.0",
        "@aws-cdk/aws-ec2": "1.71.0",
        "@aws-cdk/aws-events": "1.71.0",
        "@aws-cdk/aws-iam": "1.71.0",
        "@aws-cdk/aws-s3-assets": "1.71.0",
        "@aws-cdk/cloud-assembly-schema": "1.71.0",
        "@aws-cdk/core": "1.71.0",
        "@aws-cdk/cx-api": "1.71.0",
        "constructs": "^3.2.0"
      }
    },
    "@aws-cdk/region-info": {
      "version": "1.71.0",
      "resolved": "https://registry.npmjs.org/@aws-cdk/region-info/-/region-info-1.71.0.tgz",
      "integrity": "sha512-KCFfPQ2osAE5sxD2mGheiiwsDmAoZKnHcd4E3v/JlEGc9Lozt8Zeph+VWqFde4Qxw1PgydRIH+IvIDsO21dIoQ=="
    },
    "@types/node": {
      "version": "10.17.27",
      "resolved": "https://registry.npmjs.org/@types/node/-/node-10.17.27.tgz",
      "integrity": "sha512-J0oqm9ZfAXaPdwNXMMgAhylw5fhmXkToJd06vuDUSAgEDZ/n/69/69UmyBZbc+zT34UnShuDSBqvim3SPnozJg==",
      "dev": true
    },
    "constructs": {
      "version": "3.2.7",
      "resolved": "https://registry.npmjs.org/constructs/-/constructs-3.2.7.tgz",
      "integrity": "sha512-+Hwxty+tOIDI5sZM5E6OMwryOe4snLV7d6d05fT28d2xbcl0OJphfY5bMpv8WWbbswmcHk13i+hIc4Tpa5jJgg=="
    },
    "typescript": {
      "version": "3.9.7",
      "resolved": "https://registry.npmjs.org/typescript/-/typescript-3.9.7.tgz",
      "integrity": "sha512-BLbiRkiBzAwsjut4x/dsibSTB6yWpwT5qWmC2OfuCg3GgVQCSgMs4vEctYPhsaGtd0AeuuHMkjZ2h2WG8MSzRw==",
      "dev": true
    }
  }
}
